// !$*UTF8*$!
{
	archiveVersion = 1;
	classes = {
	};
	objectVersion = 46;
	objects = {

/* Begin PBXBuildFile section */
		13634BD71EABE2DA00D8CC25 /* AppDelegate.swift in Sources */ = {isa = PBXBuildFile; fileRef = 13634BD61EABE2DA00D8CC25 /* AppDelegate.swift */; };
		13634BD91EABE2DA00D8CC25 /* ViewController.swift in Sources */ = {isa = PBXBuildFile; fileRef = 13634BD81EABE2DA00D8CC25 /* ViewController.swift */; };
		13634BDC1EABE2DA00D8CC25 /* Main.storyboard in Resources */ = {isa = PBXBuildFile; fileRef = 13634BDA1EABE2DA00D8CC25 /* Main.storyboard */; };
		13634BDF1EABE2DA00D8CC25 /* Mettle.xcdatamodeld in Sources */ = {isa = PBXBuildFile; fileRef = 13634BDD1EABE2DA00D8CC25 /* Mettle.xcdatamodeld */; };
		13634BE11EABE2DA00D8CC25 /* Assets.xcassets in Resources */ = {isa = PBXBuildFile; fileRef = 13634BE01EABE2DA00D8CC25 /* Assets.xcassets */; };
		13634BE41EABE2DA00D8CC25 /* LaunchScreen.storyboard in Resources */ = {isa = PBXBuildFile; fileRef = 13634BE21EABE2DA00D8CC25 /* LaunchScreen.storyboard */; };
		13E62F3D1EB011360067C2C4 /* LogListingController.swift in Sources */ = {isa = PBXBuildFile; fileRef = 13E62F3C1EB011360067C2C4 /* LogListingController.swift */; };
		13E62F3F1EB012190067C2C4 /* LogListingCell.swift in Sources */ = {isa = PBXBuildFile; fileRef = 13E62F3E1EB012190067C2C4 /* LogListingCell.swift */; };
		13E62F411EB014C90067C2C4 /* LogCollection.swift in Sources */ = {isa = PBXBuildFile; fileRef = 13E62F401EB014C90067C2C4 /* LogCollection.swift */; };
		13E62F431EB0159D0067C2C4 /* LogDetailViewController.swift in Sources */ = {isa = PBXBuildFile; fileRef = 13E62F421EB0159D0067C2C4 /* LogDetailViewController.swift */; };
		34B7218F1EB17DF0004355EE /* CalendarViewController.swift in Sources */ = {isa = PBXBuildFile; fileRef = 34B7218E1EB17DF0004355EE /* CalendarViewController.swift */; };
		34C690BF1EB15A2200A01B76 /* CustomCell.swift in Sources */ = {isa = PBXBuildFile; fileRef = 34C690BE1EB15A2200A01B76 /* CustomCell.swift */; };
		F23AE70C2528C5A5581C8CAF /* Pods_Mettle.framework in Frameworks */ = {isa = PBXBuildFile; fileRef = 94E09EBC890ED753E4B2F5DC /* Pods_Mettle.framework */; };
		A35D8F021EB1749B000F4BEB /* SettingsTableViewController.swift in Sources */ = {isa = PBXBuildFile; fileRef = A35D8F011EB1749B000F4BEB /* SettingsTableViewController.swift */; };
		A35D8F051EB17942000F4BEB /* SwitchCell.swift in Sources */ = {isa = PBXBuildFile; fileRef = A35D8F041EB17942000F4BEB /* SwitchCell.swift */; };
		A393F52C1EB18548005CA614 /* DatePickerCell.swift in Sources */ = {isa = PBXBuildFile; fileRef = A393F52B1EB18548005CA614 /* DatePickerCell.swift */; };
/* End PBXBuildFile section */

/* Begin PBXFileReference section */
		0AB7C176EC6CE18ECAF9E86F /* Pods-Mettle.debug.xcconfig */ = {isa = PBXFileReference; includeInIndex = 1; lastKnownFileType = text.xcconfig; name = "Pods-Mettle.debug.xcconfig"; path = "Pods/Target Support Files/Pods-Mettle/Pods-Mettle.debug.xcconfig"; sourceTree = "<group>"; };
		13634BD31EABE2DA00D8CC25 /* Mettle.app */ = {isa = PBXFileReference; explicitFileType = wrapper.application; includeInIndex = 0; path = Mettle.app; sourceTree = BUILT_PRODUCTS_DIR; };
		13634BD61EABE2DA00D8CC25 /* AppDelegate.swift */ = {isa = PBXFileReference; lastKnownFileType = sourcecode.swift; path = AppDelegate.swift; sourceTree = "<group>"; };
		13634BD81EABE2DA00D8CC25 /* ViewController.swift */ = {isa = PBXFileReference; lastKnownFileType = sourcecode.swift; path = ViewController.swift; sourceTree = "<group>"; };
		13634BDB1EABE2DA00D8CC25 /* Base */ = {isa = PBXFileReference; lastKnownFileType = file.storyboard; name = Base; path = Base.lproj/Main.storyboard; sourceTree = "<group>"; };
		13634BDE1EABE2DA00D8CC25 /* Mettle.xcdatamodel */ = {isa = PBXFileReference; lastKnownFileType = wrapper.xcdatamodel; path = Mettle.xcdatamodel; sourceTree = "<group>"; };
		13634BE01EABE2DA00D8CC25 /* Assets.xcassets */ = {isa = PBXFileReference; lastKnownFileType = folder.assetcatalog; path = Assets.xcassets; sourceTree = "<group>"; };
		13634BE31EABE2DA00D8CC25 /* Base */ = {isa = PBXFileReference; lastKnownFileType = file.storyboard; name = Base; path = Base.lproj/LaunchScreen.storyboard; sourceTree = "<group>"; };
		13634BE51EABE2DA00D8CC25 /* Info.plist */ = {isa = PBXFileReference; lastKnownFileType = text.plist.xml; path = Info.plist; sourceTree = "<group>"; };
		13E62F3C1EB011360067C2C4 /* LogListingController.swift */ = {isa = PBXFileReference; fileEncoding = 4; lastKnownFileType = sourcecode.swift; path = LogListingController.swift; sourceTree = "<group>"; };
		13E62F3E1EB012190067C2C4 /* LogListingCell.swift */ = {isa = PBXFileReference; fileEncoding = 4; lastKnownFileType = sourcecode.swift; path = LogListingCell.swift; sourceTree = "<group>"; };
		13E62F401EB014C90067C2C4 /* LogCollection.swift */ = {isa = PBXFileReference; fileEncoding = 4; lastKnownFileType = sourcecode.swift; path = LogCollection.swift; sourceTree = "<group>"; };
		13E62F421EB0159D0067C2C4 /* LogDetailViewController.swift */ = {isa = PBXFileReference; fileEncoding = 4; lastKnownFileType = sourcecode.swift; path = LogDetailViewController.swift; sourceTree = "<group>"; };
		34B7218E1EB17DF0004355EE /* CalendarViewController.swift */ = {isa = PBXFileReference; fileEncoding = 4; lastKnownFileType = sourcecode.swift; path = CalendarViewController.swift; sourceTree = "<group>"; };
		34C690BE1EB15A2200A01B76 /* CustomCell.swift */ = {isa = PBXFileReference; fileEncoding = 4; lastKnownFileType = sourcecode.swift; path = CustomCell.swift; sourceTree = "<group>"; };
		8A6229FAE18B81381AFA324E /* Pods-Mettle.release.xcconfig */ = {isa = PBXFileReference; includeInIndex = 1; lastKnownFileType = text.xcconfig; name = "Pods-Mettle.release.xcconfig"; path = "Pods/Target Support Files/Pods-Mettle/Pods-Mettle.release.xcconfig"; sourceTree = "<group>"; };
		94E09EBC890ED753E4B2F5DC /* Pods_Mettle.framework */ = {isa = PBXFileReference; explicitFileType = wrapper.framework; includeInIndex = 0; path = Pods_Mettle.framework; sourceTree = BUILT_PRODUCTS_DIR; };
		A35D8F011EB1749B000F4BEB /* SettingsTableViewController.swift */ = {isa = PBXFileReference; fileEncoding = 4; lastKnownFileType = sourcecode.swift; path = SettingsTableViewController.swift; sourceTree = "<group>"; };
		A35D8F041EB17942000F4BEB /* SwitchCell.swift */ = {isa = PBXFileReference; fileEncoding = 4; lastKnownFileType = sourcecode.swift; path = SwitchCell.swift; sourceTree = "<group>"; };
		A393F52B1EB18548005CA614 /* DatePickerCell.swift */ = {isa = PBXFileReference; fileEncoding = 4; lastKnownFileType = sourcecode.swift; path = DatePickerCell.swift; sourceTree = "<group>"; };
/* End PBXFileReference section */

/* Begin PBXFrameworksBuildPhase section */
		13634BD01EABE2DA00D8CC25 /* Frameworks */ = {
			isa = PBXFrameworksBuildPhase;
			buildActionMask = 2147483647;
			files = (
				F23AE70C2528C5A5581C8CAF /* Pods_Mettle.framework in Frameworks */,
			);
			runOnlyForDeploymentPostprocessing = 0;
		};
/* End PBXFrameworksBuildPhase section */

/* Begin PBXGroup section */
		13634BCA1EABE2DA00D8CC25 = {
			isa = PBXGroup;
			children = (
				13634BD51EABE2DA00D8CC25 /* Mettle */,
				13634BD41EABE2DA00D8CC25 /* Products */,
				4E3A7D7E0D06A2B63D605709 /* Pods */,
				78016862F8604D23D32D8232 /* Frameworks */,
			);
			sourceTree = "<group>";
		};
		13634BD41EABE2DA00D8CC25 /* Products */ = {
			isa = PBXGroup;
			children = (
				13634BD31EABE2DA00D8CC25 /* Mettle.app */,
			);
			name = Products;
			sourceTree = "<group>";
		};
		13634BD51EABE2DA00D8CC25 /* Mettle */ = {
			isa = PBXGroup;
			children = (
				13634BD61EABE2DA00D8CC25 /* AppDelegate.swift */,
				13634BD81EABE2DA00D8CC25 /* ViewController.swift */,
				13E62F3C1EB011360067C2C4 /* LogListingController.swift */,
				13634BDA1EABE2DA00D8CC25 /* Main.storyboard */,
				A35D8F031EB17654000F4BEB /* Settings */,
				13E62F3E1EB012190067C2C4 /* LogListingCell.swift */,
				13E62F401EB014C90067C2C4 /* LogCollection.swift */,
				13E62F421EB0159D0067C2C4 /* LogDetailViewController.swift */,
				13634BE01EABE2DA00D8CC25 /* Assets.xcassets */,
				13634BE21EABE2DA00D8CC25 /* LaunchScreen.storyboard */,
				13634BE51EABE2DA00D8CC25 /* Info.plist */,
				13634BDD1EABE2DA00D8CC25 /* Mettle.xcdatamodeld */,
				34C690BE1EB15A2200A01B76 /* CustomCell.swift */,
				34B7218E1EB17DF0004355EE /* CalendarViewController.swift */,
			);
			path = Mettle;
			sourceTree = "<group>";
		};
		4E3A7D7E0D06A2B63D605709 /* Pods */ = {
			isa = PBXGroup;
			children = (
				0AB7C176EC6CE18ECAF9E86F /* Pods-Mettle.debug.xcconfig */,
				8A6229FAE18B81381AFA324E /* Pods-Mettle.release.xcconfig */,
			);
			name = Pods;
			sourceTree = "<group>";
		};
		78016862F8604D23D32D8232 /* Frameworks */ = {
			isa = PBXGroup;
			children = (
				94E09EBC890ED753E4B2F5DC /* Pods_Mettle.framework */,
			);
			name = Frameworks;
			sourceTree = "<group>";
		};
		A35D8F031EB17654000F4BEB /* Settings */ = {
			isa = PBXGroup;
			children = (
				A35D8F011EB1749B000F4BEB /* SettingsTableViewController.swift */,
				A35D8F041EB17942000F4BEB /* SwitchCell.swift */,
				A393F52B1EB18548005CA614 /* DatePickerCell.swift */,
			);
			name = Settings;
			sourceTree = "<group>";
		};
/* End PBXGroup section */

/* Begin PBXNativeTarget section */
		13634BD21EABE2DA00D8CC25 /* Mettle */ = {
			isa = PBXNativeTarget;
			buildConfigurationList = 13634BE81EABE2DA00D8CC25 /* Build configuration list for PBXNativeTarget "Mettle" */;
			buildPhases = (
				A1DBA3F694166C6C13EF3FB3 /* [CP] Check Pods Manifest.lock */,
				13634BCF1EABE2DA00D8CC25 /* Sources */,
				13634BD01EABE2DA00D8CC25 /* Frameworks */,
				13634BD11EABE2DA00D8CC25 /* Resources */,
				BBDC44B081063FC276283EB5 /* [CP] Embed Pods Frameworks */,
				0EAE662DB179E69BB66C3CA4 /* [CP] Copy Pods Resources */,
			);
			buildRules = (
			);
			dependencies = (
			);
			name = Mettle;
			productName = Mettle;
			productReference = 13634BD31EABE2DA00D8CC25 /* Mettle.app */;
			productType = "com.apple.product-type.application";
		};
/* End PBXNativeTarget section */

/* Begin PBXProject section */
		13634BCB1EABE2DA00D8CC25 /* Project object */ = {
			isa = PBXProject;
			attributes = {
				LastSwiftUpdateCheck = 0830;
				LastUpgradeCheck = 0830;
				ORGANIZATIONNAME = "Peter Huffman";
				TargetAttributes = {
					13634BD21EABE2DA00D8CC25 = {
						CreatedOnToolsVersion = 8.3.2;
						DevelopmentTeam = TSRANL5S76;
						ProvisioningStyle = Automatic;
					};
				};
			};
			buildConfigurationList = 13634BCE1EABE2DA00D8CC25 /* Build configuration list for PBXProject "Mettle" */;
			compatibilityVersion = "Xcode 3.2";
			developmentRegion = English;
			hasScannedForEncodings = 0;
			knownRegions = (
				en,
				Base,
			);
			mainGroup = 13634BCA1EABE2DA00D8CC25;
			productRefGroup = 13634BD41EABE2DA00D8CC25 /* Products */;
			projectDirPath = "";
			projectRoot = "";
			targets = (
				13634BD21EABE2DA00D8CC25 /* Mettle */,
			);
		};
/* End PBXProject section */

/* Begin PBXResourcesBuildPhase section */
		13634BD11EABE2DA00D8CC25 /* Resources */ = {
			isa = PBXResourcesBuildPhase;
			buildActionMask = 2147483647;
			files = (
				13634BE41EABE2DA00D8CC25 /* LaunchScreen.storyboard in Resources */,
				13634BE11EABE2DA00D8CC25 /* Assets.xcassets in Resources */,
				13634BDC1EABE2DA00D8CC25 /* Main.storyboard in Resources */,
			);
			runOnlyForDeploymentPostprocessing = 0;
		};
/* End PBXResourcesBuildPhase section */

/* Begin PBXShellScriptBuildPhase section */
		0EAE662DB179E69BB66C3CA4 /* [CP] Copy Pods Resources */ = {
			isa = PBXShellScriptBuildPhase;
			buildActionMask = 2147483647;
			files = (
			);
			inputPaths = (
			);
			name = "[CP] Copy Pods Resources";
			outputPaths = (
			);
			runOnlyForDeploymentPostprocessing = 0;
			shellPath = /bin/sh;
			shellScript = "\"${SRCROOT}/Pods/Target Support Files/Pods-Mettle/Pods-Mettle-resources.sh\"\n";
			showEnvVarsInLog = 0;
		};
		A1DBA3F694166C6C13EF3FB3 /* [CP] Check Pods Manifest.lock */ = {
			isa = PBXShellScriptBuildPhase;
			buildActionMask = 2147483647;
			files = (
			);
			inputPaths = (
			);
			name = "[CP] Check Pods Manifest.lock";
			outputPaths = (
			);
			runOnlyForDeploymentPostprocessing = 0;
			shellPath = /bin/sh;
			shellScript = "diff \"${PODS_PODFILE_DIR_PATH}/Podfile.lock\" \"${PODS_ROOT}/Manifest.lock\" > /dev/null\nif [ $? != 0 ] ; then\n    # print error to STDERR\n    echo \"error: The sandbox is not in sync with the Podfile.lock. Run 'pod install' or update your CocoaPods installation.\" >&2\n    exit 1\nfi\n";
			showEnvVarsInLog = 0;
		};
		BBDC44B081063FC276283EB5 /* [CP] Embed Pods Frameworks */ = {
			isa = PBXShellScriptBuildPhase;
			buildActionMask = 2147483647;
			files = (
			);
			inputPaths = (
			);
			name = "[CP] Embed Pods Frameworks";
			outputPaths = (
			);
			runOnlyForDeploymentPostprocessing = 0;
			shellPath = /bin/sh;
			shellScript = "\"${SRCROOT}/Pods/Target Support Files/Pods-Mettle/Pods-Mettle-frameworks.sh\"\n";
			showEnvVarsInLog = 0;
		};
/* End PBXShellScriptBuildPhase section */

/* Begin PBXSourcesBuildPhase section */
		13634BCF1EABE2DA00D8CC25 /* Sources */ = {
			isa = PBXSourcesBuildPhase;
			buildActionMask = 2147483647;
			files = (
				13634BD91EABE2DA00D8CC25 /* ViewController.swift in Sources */,
				13E62F431EB0159D0067C2C4 /* LogDetailViewController.swift in Sources */,
				A35D8F051EB17942000F4BEB /* SwitchCell.swift in Sources */,
				13E62F3D1EB011360067C2C4 /* LogListingController.swift in Sources */,
				13E62F411EB014C90067C2C4 /* LogCollection.swift in Sources */,
				A393F52C1EB18548005CA614 /* DatePickerCell.swift in Sources */,
				A35D8F021EB1749B000F4BEB /* SettingsTableViewController.swift in Sources */,
				13E62F3F1EB012190067C2C4 /* LogListingCell.swift in Sources */,
				13634BD71EABE2DA00D8CC25 /* AppDelegate.swift in Sources */,
				34B7218F1EB17DF0004355EE /* CalendarViewController.swift in Sources */,
				34C690BF1EB15A2200A01B76 /* CustomCell.swift in Sources */,
				13634BDF1EABE2DA00D8CC25 /* Mettle.xcdatamodeld in Sources */,
			);
			runOnlyForDeploymentPostprocessing = 0;
		};
/* End PBXSourcesBuildPhase section */

/* Begin PBXVariantGroup section */
		13634BDA1EABE2DA00D8CC25 /* Main.storyboard */ = {
			isa = PBXVariantGroup;
			children = (
				13634BDB1EABE2DA00D8CC25 /* Base */,
			);
			name = Main.storyboard;
			sourceTree = "<group>";
		};
		13634BE21EABE2DA00D8CC25 /* LaunchScreen.storyboard */ = {
			isa = PBXVariantGroup;
			children = (
				13634BE31EABE2DA00D8CC25 /* Base */,
			);
			name = LaunchScreen.storyboard;
			sourceTree = "<group>";
		};
/* End PBXVariantGroup section */

/* Begin XCBuildConfiguration section */
		13634BE61EABE2DA00D8CC25 /* Debug */ = {
			isa = XCBuildConfiguration;
			baseConfigurationReference = 8A6229FAE18B81381AFA324E /* Pods-Mettle.release.xcconfig */;
			buildSettings = {
				ALWAYS_SEARCH_USER_PATHS = NO;
				CLANG_ANALYZER_NONNULL = YES;
				CLANG_ANALYZER_NUMBER_OBJECT_CONVERSION = YES_AGGRESSIVE;
				CLANG_CXX_LANGUAGE_STANDARD = "gnu++0x";
				CLANG_CXX_LIBRARY = "libc++";
				CLANG_ENABLE_MODULES = YES;
				CLANG_ENABLE_OBJC_ARC = YES;
				CLANG_WARN_BOOL_CONVERSION = YES;
				CLANG_WARN_CONSTANT_CONVERSION = YES;
				CLANG_WARN_DIRECT_OBJC_ISA_USAGE = YES_ERROR;
				CLANG_WARN_DOCUMENTATION_COMMENTS = YES;
				CLANG_WARN_EMPTY_BODY = YES;
				CLANG_WARN_ENUM_CONVERSION = YES;
				CLANG_WARN_INFINITE_RECURSION = YES;
				CLANG_WARN_INT_CONVERSION = YES;
				CLANG_WARN_OBJC_ROOT_CLASS = YES_ERROR;
				CLANG_WARN_SUSPICIOUS_MOVE = YES;
				CLANG_WARN_UNREACHABLE_CODE = YES;
				CLANG_WARN__DUPLICATE_METHOD_MATCH = YES;
				"CODE_SIGN_IDENTITY[sdk=iphoneos*]" = "iPhone Developer";
				COPY_PHASE_STRIP = NO;
				DEBUG_INFORMATION_FORMAT = dwarf;
				ENABLE_STRICT_OBJC_MSGSEND = YES;
				ENABLE_TESTABILITY = YES;
				FRAMEWORK_SEARCH_PATHS = (
					"$(inherited)",
					"$(SRCROOT)/**",
				);
				GCC_C_LANGUAGE_STANDARD = gnu99;
				GCC_DYNAMIC_NO_PIC = NO;
				GCC_NO_COMMON_BLOCKS = YES;
				GCC_OPTIMIZATION_LEVEL = 0;
				GCC_PREPROCESSOR_DEFINITIONS = (
					"DEBUG=1",
					"$(inherited)",
				);
				GCC_WARN_64_TO_32_BIT_CONVERSION = YES;
				GCC_WARN_ABOUT_RETURN_TYPE = YES_ERROR;
				GCC_WARN_UNDECLARED_SELECTOR = YES;
				GCC_WARN_UNINITIALIZED_AUTOS = YES_AGGRESSIVE;
				GCC_WARN_UNUSED_FUNCTION = YES;
				GCC_WARN_UNUSED_VARIABLE = YES;
				HEADER_SEARCH_PATHS = (
					"$(inherited)",
					"$(SRCROOT)/**",
				);
				IPHONEOS_DEPLOYMENT_TARGET = 10.2;
				MTL_ENABLE_DEBUG_INFO = YES;
				ONLY_ACTIVE_ARCH = YES;
				SDKROOT = iphoneos;
				SWIFT_ACTIVE_COMPILATION_CONDITIONS = DEBUG;
				SWIFT_OPTIMIZATION_LEVEL = "-Onone";
				TARGETED_DEVICE_FAMILY = "1,2";
				USER_HEADER_SEARCH_PATHS = "";
			};
			name = Debug;
		};
		13634BE71EABE2DA00D8CC25 /* Release */ = {
			isa = XCBuildConfiguration;
			baseConfigurationReference = 8A6229FAE18B81381AFA324E /* Pods-Mettle.release.xcconfig */;
			buildSettings = {
				ALWAYS_SEARCH_USER_PATHS = NO;
				CLANG_ANALYZER_NONNULL = YES;
				CLANG_ANALYZER_NUMBER_OBJECT_CONVERSION = YES_AGGRESSIVE;
				CLANG_CXX_LANGUAGE_STANDARD = "gnu++0x";
				CLANG_CXX_LIBRARY = "libc++";
				CLANG_ENABLE_MODULES = YES;
				CLANG_ENABLE_OBJC_ARC = YES;
				CLANG_WARN_BOOL_CONVERSION = YES;
				CLANG_WARN_CONSTANT_CONVERSION = YES;
				CLANG_WARN_DIRECT_OBJC_ISA_USAGE = YES_ERROR;
				CLANG_WARN_DOCUMENTATION_COMMENTS = YES;
				CLANG_WARN_EMPTY_BODY = YES;
				CLANG_WARN_ENUM_CONVERSION = YES;
				CLANG_WARN_INFINITE_RECURSION = YES;
				CLANG_WARN_INT_CONVERSION = YES;
				CLANG_WARN_OBJC_ROOT_CLASS = YES_ERROR;
				CLANG_WARN_SUSPICIOUS_MOVE = YES;
				CLANG_WARN_UNREACHABLE_CODE = YES;
				CLANG_WARN__DUPLICATE_METHOD_MATCH = YES;
				"CODE_SIGN_IDENTITY[sdk=iphoneos*]" = "iPhone Developer";
				COPY_PHASE_STRIP = NO;
				DEBUG_INFORMATION_FORMAT = "dwarf-with-dsym";
				ENABLE_NS_ASSERTIONS = NO;
				ENABLE_STRICT_OBJC_MSGSEND = YES;
				FRAMEWORK_SEARCH_PATHS = (
					"$(inherited)",
					"$(SRCROOT)/**",
				);
				GCC_C_LANGUAGE_STANDARD = gnu99;
				GCC_NO_COMMON_BLOCKS = YES;
				GCC_WARN_64_TO_32_BIT_CONVERSION = YES;
				GCC_WARN_ABOUT_RETURN_TYPE = YES_ERROR;
				GCC_WARN_UNDECLARED_SELECTOR = YES;
				GCC_WARN_UNINITIALIZED_AUTOS = YES_AGGRESSIVE;
				GCC_WARN_UNUSED_FUNCTION = YES;
				GCC_WARN_UNUSED_VARIABLE = YES;
				IPHONEOS_DEPLOYMENT_TARGET = 10.2;
				MTL_ENABLE_DEBUG_INFO = NO;
				SDKROOT = iphoneos;
				SWIFT_OPTIMIZATION_LEVEL = "-Owholemodule";
				TARGETED_DEVICE_FAMILY = "1,2";
				USER_HEADER_SEARCH_PATHS = "";
				VALIDATE_PRODUCT = YES;
			};
			name = Release;
		};
		13634BE91EABE2DA00D8CC25 /* Debug */ = {
			isa = XCBuildConfiguration;
			baseConfigurationReference = 0AB7C176EC6CE18ECAF9E86F /* Pods-Mettle.debug.xcconfig */;
			buildSettings = {
				ASSETCATALOG_COMPILER_APPICON_NAME = AppIcon;
				DEVELOPMENT_TEAM = TSRANL5S76;
				HEADER_SEARCH_PATHS = (
					"$(inherited)",
					"$(SRCROOT)/Pods/**",
				);
				INFOPLIST_FILE = Mettle/Info.plist;
				IPHONEOS_DEPLOYMENT_TARGET = 10.2;
				LD_RUNPATH_SEARCH_PATHS = "$(inherited) @executable_path/Frameworks";
				PRODUCT_BUNDLE_IDENTIFIER = edu.middlebury.cs466.Mettle;
				PRODUCT_NAME = "$(TARGET_NAME)";
				SWIFT_VERSION = 3.0;
			};
			name = Debug;
		};
		13634BEA1EABE2DA00D8CC25 /* Release */ = {
			isa = XCBuildConfiguration;
			baseConfigurationReference = 8A6229FAE18B81381AFA324E /* Pods-Mettle.release.xcconfig */;
			buildSettings = {
				ASSETCATALOG_COMPILER_APPICON_NAME = AppIcon;
				DEVELOPMENT_TEAM = TSRANL5S76;
				HEADER_SEARCH_PATHS = (
					"$(inherited)",
					"$(SRCROOT)/Pods/**",
				);
				INFOPLIST_FILE = Mettle/Info.plist;
				IPHONEOS_DEPLOYMENT_TARGET = 10.2;
				LD_RUNPATH_SEARCH_PATHS = "$(inherited) @executable_path/Frameworks";
				PRODUCT_BUNDLE_IDENTIFIER = edu.middlebury.cs466.Mettle;
				PRODUCT_NAME = "$(TARGET_NAME)";
				SWIFT_VERSION = 3.0;
			};
			name = Release;
		};
/* End XCBuildConfiguration section */

/* Begin XCConfigurationList section */
		13634BCE1EABE2DA00D8CC25 /* Build configuration list for PBXProject "Mettle" */ = {
			isa = XCConfigurationList;
			buildConfigurations = (
				13634BE61EABE2DA00D8CC25 /* Debug */,
				13634BE71EABE2DA00D8CC25 /* Release */,
			);
			defaultConfigurationIsVisible = 0;
			defaultConfigurationName = Release;
		};
		13634BE81EABE2DA00D8CC25 /* Build configuration list for PBXNativeTarget "Mettle" */ = {
			isa = XCConfigurationList;
			buildConfigurations = (
				13634BE91EABE2DA00D8CC25 /* Debug */,
				13634BEA1EABE2DA00D8CC25 /* Release */,
			);
			defaultConfigurationIsVisible = 0;
			defaultConfigurationName = Release;
		};
/* End XCConfigurationList section */

/* Begin XCVersionGroup section */
		13634BDD1EABE2DA00D8CC25 /* Mettle.xcdatamodeld */ = {
			isa = XCVersionGroup;
			children = (
				13634BDE1EABE2DA00D8CC25 /* Mettle.xcdatamodel */,
			);
			currentVersion = 13634BDE1EABE2DA00D8CC25 /* Mettle.xcdatamodel */;
			path = Mettle.xcdatamodeld;
			sourceTree = "<group>";
			versionGroupType = wrapper.xcdatamodel;
		};
/* End XCVersionGroup section */
	};
	rootObject = 13634BCB1EABE2DA00D8CC25 /* Project object */;
}
